
Microsoft Visual Studio Solution File, Format Version 12.00
Project("{FAE04EC0-301F-11D3-BF4B-00C04F79EFBC}") = "ConsoleApp2.3.1", "ConsoleApp2.3.1\ConsoleApp2.3.1.csproj", "{A1C64DB4-82D4-42FE-9B5C-A0A7E2FD2A6A}"
EndProject
Project("{FAE04EC0-301F-11D3-BF4B-00C04F79EFBC}") = "ConsoleApp2.3.2", "ConsoleApp2.3.2\ConsoleApp2.3.2.csproj", "{D711905F-9D4A-421B-A667-AB3D837665F2}"
EndProject
Project("{FAE04EC0-301F-11D3-BF4B-00C04F79EFBC}") = "ConsoleApp2.3.3", "ConsoleApp2.3.3\ConsoleApp2.3.3.csproj", "{247A6301-B3C0-4329-BFDF-1B68C665EBD1}"
EndProject
Global
	GlobalSection(SolutionConfigurationPlatforms) = preSolution
		Debug|Any CPU = Debug|Any CPU
		Release|Any CPU = Release|Any CPU
	EndGlobalSection
	GlobalSection(ProjectConfigurationPlatforms) = postSolution
		{A1C64DB4-82D4-42FE-9B5C-A0A7E2FD2A6A}.Debug|Any CPU.ActiveCfg = Debug|Any CPU
		{A1C64DB4-82D4-42FE-9B5C-A0A7E2FD2A6A}.Debug|Any CPU.Build.0 = Debug|Any CPU
		{A1C64DB4-82D4-42FE-9B5C-A0A7E2FD2A6A}.Release|Any CPU.ActiveCfg = Release|Any CPU
		{A1C64DB4-82D4-42FE-9B5C-A0A7E2FD2A6A}.Release|Any CPU.Build.0 = Release|Any CPU
		{D711905F-9D4A-421B-A667-AB3D837665F2}.Debug|Any CPU.ActiveCfg = Debug|Any CPU
		{D711905F-9D4A-421B-A667-AB3D837665F2}.Debug|Any CPU.Build.0 = Debug|Any CPU
		{D711905F-9D4A-421B-A667-AB3D837665F2}.Release|Any CPU.ActiveCfg = Release|Any CPU
		{D711905F-9D4A-421B-A667-AB3D837665F2}.Release|Any CPU.Build.0 = Release|Any CPU
		{247A6301-B3C0-4329-BFDF-1B68C665EBD1}.Debug|Any CPU.ActiveCfg = Debug|Any CPU
		{247A6301-B3C0-4329-BFDF-1B68C665EBD1}.Debug|Any CPU.Build.0 = Debug|Any CPU
		{247A6301-B3C0-4329-BFDF-1B68C665EBD1}.Release|Any CPU.ActiveCfg = Release|Any CPU
		{247A6301-B3C0-4329-BFDF-1B68C665EBD1}.Release|Any CPU.Build.0 = Release|Any CPU
	EndGlobalSection
EndGlobal
