
Microsoft Visual Studio Solution File, Format Version 12.00
Project("{FAE04EC0-301F-11D3-BF4B-00C04F79EFBC}") = "ConsoleApp2.1.3", "ConsoleApp2.1.3\ConsoleApp2.1.3.csproj", "{A5C0E152-7CA5-4225-BB30-CE1A583E1BA7}"
EndProject
Project("{FAE04EC0-301F-11D3-BF4B-00C04F79EFBC}") = "ConsoleApp2.1.2", "ConsoleApp2.1.2\ConsoleApp2.1.2.csproj", "{B154ED8A-D8F8-448F-897D-C1E59F6234B7}"
EndProject
Project("{FAE04EC0-301F-11D3-BF4B-00C04F79EFBC}") = "ConsoleApp2.1.1", "ConsoleApp2.1.1\ConsoleApp2.1.1.csproj", "{5043A82C-AF84-4FA5-867B-91BCB9CB3EF1}"
EndProject
Global
	GlobalSection(SolutionConfigurationPlatforms) = preSolution
		Debug|Any CPU = Debug|Any CPU
		Release|Any CPU = Release|Any CPU
	EndGlobalSection
	GlobalSection(ProjectConfigurationPlatforms) = postSolution
		{A5C0E152-7CA5-4225-BB30-CE1A583E1BA7}.Debug|Any CPU.ActiveCfg = Debug|Any CPU
		{A5C0E152-7CA5-4225-BB30-CE1A583E1BA7}.Debug|Any CPU.Build.0 = Debug|Any CPU
		{A5C0E152-7CA5-4225-BB30-CE1A583E1BA7}.Release|Any CPU.ActiveCfg = Release|Any CPU
		{A5C0E152-7CA5-4225-BB30-CE1A583E1BA7}.Release|Any CPU.Build.0 = Release|Any CPU
		{B154ED8A-D8F8-448F-897D-C1E59F6234B7}.Debug|Any CPU.ActiveCfg = Debug|Any CPU
		{B154ED8A-D8F8-448F-897D-C1E59F6234B7}.Debug|Any CPU.Build.0 = Debug|Any CPU
		{B154ED8A-D8F8-448F-897D-C1E59F6234B7}.Release|Any CPU.ActiveCfg = Release|Any CPU
		{B154ED8A-D8F8-448F-897D-C1E59F6234B7}.Release|Any CPU.Build.0 = Release|Any CPU
		{5043A82C-AF84-4FA5-867B-91BCB9CB3EF1}.Debug|Any CPU.ActiveCfg = Debug|Any CPU
		{5043A82C-AF84-4FA5-867B-91BCB9CB3EF1}.Debug|Any CPU.Build.0 = Debug|Any CPU
		{5043A82C-AF84-4FA5-867B-91BCB9CB3EF1}.Release|Any CPU.ActiveCfg = Release|Any CPU
		{5043A82C-AF84-4FA5-867B-91BCB9CB3EF1}.Release|Any CPU.Build.0 = Release|Any CPU
	EndGlobalSection
EndGlobal
